<?xml version="1.0" encoding="utf-8"?>
<Project ToolsVersion="4.0" xmlns="http://schemas.microsoft.com/developer/msbuild/2003">
  <ItemGroup>
    <Filter Include="소스 파일">
      <UniqueIdentifier>{4FC737F1-C7A5-4376-A066-2A32D752A2FF}</UniqueIdentifier>
      <Extensions>cpp;c;cc;cxx;def;odl;idl;hpj;bat;asm;asmx</Extensions>
    </Filter>
    <Filter Include="헤더 파일">
      <UniqueIdentifier>{93995380-89BD-4b04-88EB-625FBE52EBFB}</UniqueIdentifier>
      <Extensions>h;hh;hpp;hxx;hm;inl;inc;ipp;xsd</Extensions>
    </Filter>
    <Filter Include="리소스 파일">
      <UniqueIdentifier>{67DA6AB6-F800-4c08-8B7A-83BB121AAD01}</UniqueIdentifier>
      <Extensions>rc;ico;cur;bmp;dlg;rc2;rct;bin;rgs;gif;jpg;jpeg;jpe;resx;tiff;tif;png;wav;mfcribbon-ms</Extensions>
    </Filter>
    <Filter Include="MainGame">
      <UniqueIdentifier>{8f0b5ebb-416f-4344-abad-ae18a8569cc4}</UniqueIdentifier>
    </Filter>
    <Filter Include="Framework">
      <UniqueIdentifier>{70059579-33a3-4980-8ac7-01d7e081ccbf}</UniqueIdentifier>
    </Filter>
    <Filter Include="Framework\Figure">
      <UniqueIdentifier>{f975aff6-c4c0-4e54-8741-090910c082b9}</UniqueIdentifier>
    </Filter>
    <Filter Include="Framework\Image">
      <UniqueIdentifier>{14394ac5-aa1b-488c-9566-b33d577004ac}</UniqueIdentifier>
    </Filter>
    <Filter Include="Framework\ImageManager">
      <UniqueIdentifier>{24d35632-f986-48e8-9943-65ffbaa56993}</UniqueIdentifier>
    </Filter>
    <Filter Include="Framework\Input">
      <UniqueIdentifier>{5442bcdd-e064-4b5e-b867-9d81a9aed3f9}</UniqueIdentifier>
    </Filter>
    <Filter Include="Framework\Math">
      <UniqueIdentifier>{cb0e9240-6fae-496a-9dc3-dff1ff82676d}</UniqueIdentifier>
    </Filter>
    <Filter Include="Framework\Random">
      <UniqueIdentifier>{59e19ccc-1ae5-4392-93aa-c3851a0b2c16}</UniqueIdentifier>
    </Filter>
    <Filter Include="Framework\GameObject">
      <UniqueIdentifier>{3d3dc33c-7495-4580-a0df-d20cd7040b38}</UniqueIdentifier>
    </Filter>
    <Filter Include="Framework\Camera">
      <UniqueIdentifier>{67493bf3-5c87-4858-9be1-ac891dadea46}</UniqueIdentifier>
    </Filter>
    <Filter Include="Framework\Time">
      <UniqueIdentifier>{fc29a468-2c86-4550-8031-0f7c36140e5f}</UniqueIdentifier>
    </Filter>
    <Filter Include="Framework\SoundManager">
      <UniqueIdentifier>{4f76ca4c-1ff8-4278-84d4-53d00c207c2e}</UniqueIdentifier>
    </Filter>
    <Filter Include="Framework\D2DRenderer">
      <UniqueIdentifier>{9235aa53-d4cf-45e9-965b-cc447225bcaa}</UniqueIdentifier>
    </Filter>
    <Filter Include="Framework\ObjectManager">
      <UniqueIdentifier>{eea6cfeb-8b7f-421e-876b-077aab9356e7}</UniqueIdentifier>
    </Filter>
    <Filter Include="Framework\Scene">
      <UniqueIdentifier>{79ed64fd-b531-409b-b5ca-88dfe9c8b660}</UniqueIdentifier>
    </Filter>
    <Filter Include="MainGame\Scene">
      <UniqueIdentifier>{78cec29b-3a90-41dd-8fdd-8bb1a9ceddaf}</UniqueIdentifier>
    </Filter>
    <Filter Include="MainGame\Scene\yuchan_scenetest">
      <UniqueIdentifier>{1d1193ff-dbb8-4d58-b6dc-73bca604e4d8}</UniqueIdentifier>
    </Filter>
    <Filter Include="MainGame\Object">
      <UniqueIdentifier>{889a032b-d4c3-4455-8dc7-dd80607c30ab}</UniqueIdentifier>
    </Filter>
    <Filter Include="MainGame\Object\Enemy">
      <UniqueIdentifier>{203f2b4a-09ea-488f-ad5e-37cc03af473e}</UniqueIdentifier>
    </Filter>
    <Filter Include="MainGame\Object\Player">
      <UniqueIdentifier>{11709a0e-c5f2-46ea-8b45-b1315fd28dbb}</UniqueIdentifier>
    </Filter>
    <Filter Include="MainGame\Object\UI">
      <UniqueIdentifier>{ec156191-34e6-4c5a-9d33-36defa517932}</UniqueIdentifier>
    </Filter>
    <Filter Include="MainGame\Object\Platform">
      <UniqueIdentifier>{64245500-9b0b-45eb-a169-8f7b34d68745}</UniqueIdentifier>
    </Filter>
    <Filter Include="Framework\CollisionManager">
      <UniqueIdentifier>{b06206ea-03fb-4ab0-b356-8f62e741303b}</UniqueIdentifier>
    </Filter>
    <Filter Include="MainGame\Object\Enemy\Boss">
      <UniqueIdentifier>{e2a7091c-0ec5-4c47-bb83-e32f48aeb993}</UniqueIdentifier>
    </Filter>
    <Filter Include="Framework\Animation">
      <UniqueIdentifier>{c4537d52-47a0-4634-ae57-08d7dc53c57a}</UniqueIdentifier>
    </Filter>
  </ItemGroup>
  <ItemGroup>
    <ClInclude Include="framework.h">
      <Filter>헤더 파일</Filter>
    </ClInclude>
    <ClInclude Include="targetver.h">
      <Filter>헤더 파일</Filter>
    </ClInclude>
    <ClInclude Include="Resource.h">
      <Filter>헤더 파일</Filter>
    </ClInclude>
    <ClInclude Include="Momodora.h">
      <Filter>헤더 파일</Filter>
    </ClInclude>
    <ClInclude Include="pch.h">
      <Filter>헤더 파일</Filter>
    </ClInclude>
    <ClInclude Include="DefineHeader.h">
      <Filter>헤더 파일</Filter>
    </ClInclude>
    <ClInclude Include="MainGame.h">
      <Filter>MainGame</Filter>
    </ClInclude>
    <ClInclude Include="Figure.h">
      <Filter>Framework\Figure</Filter>
    </ClInclude>
    <ClInclude Include="Image.h">
      <Filter>Framework\Image</Filter>
    </ClInclude>
    <ClInclude Include="ImageManager.h">
      <Filter>Framework\ImageManager</Filter>
    </ClInclude>
    <ClInclude Include="Input.h">
      <Filter>Framework\Input</Filter>
    </ClInclude>
    <ClInclude Include="Math.h">
      <Filter>Framework\Math</Filter>
    </ClInclude>
    <ClInclude Include="Random.h">
      <Filter>Framework\Random</Filter>
    </ClInclude>
    <ClInclude Include="GameObject.h">
      <Filter>Framework\GameObject</Filter>
    </ClInclude>
    <ClInclude Include="Camera.h">
      <Filter>Framework\Camera</Filter>
    </ClInclude>
    <ClInclude Include="CameraManager.h">
      <Filter>Framework\Camera</Filter>
    </ClInclude>
    <ClInclude Include="Time.h">
      <Filter>Framework\Time</Filter>
    </ClInclude>
    <ClInclude Include="SoundManager.h">
      <Filter>Framework\SoundManager</Filter>
    </ClInclude>
    <ClInclude Include="Vector2.h">
      <Filter>Framework\Math</Filter>
    </ClInclude>
    <ClInclude Include="D2DRenderer.h">
      <Filter>Framework\D2DRenderer</Filter>
    </ClInclude>
    <ClInclude Include="ObjectManager.h">
      <Filter>Framework\ObjectManager</Filter>
    </ClInclude>
    <ClInclude Include="SceneManager.h">
      <Filter>Framework\Scene</Filter>
    </ClInclude>
    <ClInclude Include="Scene.h">
      <Filter>Framework\Scene</Filter>
    </ClInclude>
    <ClInclude Include="Scene01.h">
      <Filter>MainGame\Scene</Filter>
    </ClInclude>
    <ClInclude Include="Scene02.h">
      <Filter>MainGame\Scene</Filter>
    </ClInclude>
    <ClInclude Include="Scene03.h">
      <Filter>MainGame\Scene</Filter>
    </ClInclude>
    <ClInclude Include="SceneTest.h">
      <Filter>MainGame\Scene\yuchan_scenetest</Filter>
    </ClInclude>
    <ClInclude Include="CollisionManager.h">
      <Filter>Framework\CollisionManager</Filter>
    </ClInclude>
    <ClInclude Include="Platform.h">
      <Filter>MainGame\Object\Platform</Filter>
    </ClInclude>
    <ClInclude Include="Boss.h">
      <Filter>MainGame\Object\Enemy\Boss</Filter>
    </ClInclude>
    <ClInclude Include="Player.h">
      <Filter>MainGame\Object\Player</Filter>
    </ClInclude>
    <ClInclude Include="Animation.h">
      <Filter>Framework\Animation</Filter>
    </ClInclude>
    <ClInclude Include="Witch.h">
      <Filter>MainGame\Object\Enemy</Filter>
    </ClInclude>
    <ClInclude Include="ShieldImp.h">
      <Filter>MainGame\Object\Enemy</Filter>
    </ClInclude>
    <ClInclude Include="Monkey.h">
      <Filter>MainGame\Object\Enemy</Filter>
    </ClInclude>
    <ClInclude Include="Enemy.h">
      <Filter>MainGame\Object\Enemy</Filter>
    </ClInclude>
    <ClInclude Include="BombImp.h">
      <Filter>MainGame\Object\Enemy</Filter>
    </ClInclude>
    <ClInclude Include="DaggerImp.h">
      <Filter>MainGame\Object\Enemy</Filter>
    </ClInclude>
    <ClInclude Include="LoadingScene.h">
      <Filter>Framework\Scene</Filter>
    </ClInclude>
  </ItemGroup>
  <ItemGroup>
    <ClCompile Include="Momodora.cpp">
      <Filter>소스 파일</Filter>
    </ClCompile>
    <ClCompile Include="pch.cpp">
      <Filter>소스 파일</Filter>
    </ClCompile>
    <ClCompile Include="MainGame + Proc.cpp">
      <Filter>MainGame</Filter>
    </ClCompile>
    <ClCompile Include="MainGame.cpp">
      <Filter>MainGame</Filter>
    </ClCompile>
    <ClCompile Include="Image.cpp">
      <Filter>Framework\Image</Filter>
    </ClCompile>
    <ClCompile Include="ImageManager.cpp">
      <Filter>Framework\ImageManager</Filter>
    </ClCompile>
    <ClCompile Include="Input.cpp">
      <Filter>Framework\Input</Filter>
    </ClCompile>
    <ClCompile Include="Math.cpp">
      <Filter>Framework\Math</Filter>
    </ClCompile>
    <ClCompile Include="Random.cpp">
      <Filter>Framework\Random</Filter>
    </ClCompile>
    <ClCompile Include="GameObject.cpp">
      <Filter>Framework\GameObject</Filter>
    </ClCompile>
    <ClCompile Include="CameraManager.cpp">
      <Filter>Framework\Camera</Filter>
    </ClCompile>
    <ClCompile Include="Camera.cpp">
      <Filter>Framework\Camera</Filter>
    </ClCompile>
    <ClCompile Include="Time.cpp">
      <Filter>Framework\Time</Filter>
    </ClCompile>
    <ClCompile Include="SoundManager.cpp">
      <Filter>Framework\SoundManager</Filter>
    </ClCompile>
    <ClCompile Include="Vector2.cpp">
      <Filter>Framework\Math</Filter>
    </ClCompile>
    <ClCompile Include="D2DRenderer.cpp">
      <Filter>Framework\D2DRenderer</Filter>
    </ClCompile>
    <ClCompile Include="ObjectManager.cpp">
      <Filter>Framework\ObjectManager</Filter>
    </ClCompile>
    <ClCompile Include="SceneManager.cpp">
      <Filter>Framework\Scene</Filter>
    </ClCompile>
    <ClCompile Include="Scene.cpp">
      <Filter>Framework\Scene</Filter>
    </ClCompile>
    <ClCompile Include="Scene01.cpp">
      <Filter>MainGame\Scene</Filter>
    </ClCompile>
    <ClCompile Include="Scene02.cpp">
      <Filter>MainGame\Scene</Filter>
    </ClCompile>
    <ClCompile Include="Scene03.cpp">
      <Filter>MainGame\Scene</Filter>
    </ClCompile>
    <ClCompile Include="SceneTest.cpp">
      <Filter>MainGame\Scene\yuchan_scenetest</Filter>
    </ClCompile>
    <ClCompile Include="CollisionManager.cpp">
      <Filter>Framework\CollisionManager</Filter>
    </ClCompile>
    <ClCompile Include="Platform.cpp">
      <Filter>MainGame\Object\Platform</Filter>
    </ClCompile>
    <ClCompile Include="Boss.cpp">
      <Filter>MainGame\Object\Enemy\Boss</Filter>
    </ClCompile>
    <ClCompile Include="Player.cpp">
      <Filter>MainGame\Object\Player</Filter>
    </ClCompile>
    <ClCompile Include="Animation.cpp">
      <Filter>Framework\Animation</Filter>
    </ClCompile>
    <ClCompile Include="Witch.cpp">
      <Filter>MainGame\Object\Enemy</Filter>
    </ClCompile>
    <ClCompile Include="ShieldImp.cpp">
      <Filter>MainGame\Object\Enemy</Filter>
    </ClCompile>
    <ClCompile Include="Monkey.cpp">
      <Filter>MainGame\Object\Enemy</Filter>
    </ClCompile>
    <ClCompile Include="Enemy.cpp">
      <Filter>MainGame\Object\Enemy</Filter>
    </ClCompile>
    <ClCompile Include="BombImp.cpp">
      <Filter>MainGame\Object\Enemy</Filter>
    </ClCompile>
    <ClCompile Include="DaggerImp.cpp">
      <Filter>MainGame\Object\Enemy</Filter>
    </ClCompile>
    <ClCompile Include="LoadingScene.cpp">
      <Filter>Framework\Scene</Filter>
    </ClCompile>
  </ItemGroup>
  <ItemGroup>
    <ResourceCompile Include="Momodora.rc">
      <Filter>리소스 파일</Filter>
    </ResourceCompile>
  </ItemGroup>
  <ItemGroup>
    <Image Include="small.ico">
      <Filter>리소스 파일</Filter>
    </Image>
    <Image Include="Momodora.ico">
      <Filter>리소스 파일</Filter>
    </Image>
  </ItemGroup>
</Project>